
Microsoft Visual Studio Solution File, Format Version 12.00
# Visual Studio Version 17
VisualStudioVersion = 17.7.34024.191
MinimumVisualStudioVersion = 10.0.40219.1
Project("{FAE04EC0-301F-11D3-BF4B-00C04F79EFBC}") = "Updater", "Updater\Updater.csproj", "{B744D1BF-C4C7-49AA-88A7-79EC9EC123B9}"
EndProject
Global
	GlobalSection(SolutionConfigurationPlatforms) = preSolution
		Debug|Any CPU = Debug|Any CPU
		Release|Any CPU = Release|Any CPU
	EndGlobalSection
	GlobalSection(ProjectConfigurationPlatforms) = postSolution
		{B744D1BF-C4C7-49AA-88A7-79EC9EC123B9}.Debug|Any CPU.ActiveCfg = Debug|Any CPU
		{B744D1BF-C4C7-49AA-88A7-79EC9EC123B9}.Debug|Any CPU.Build.0 = Debug|Any CPU
		{B744D1BF-C4C7-49AA-88A7-79EC9EC123B9}.Release|Any CPU.ActiveCfg = Release|Any CPU
		{B744D1BF-C4C7-49AA-88A7-79EC9EC123B9}.Release|Any CPU.Build.0 = Release|Any CPU
	EndGlobalSection
	GlobalSection(SolutionProperties) = preSolution
		HideSolutionNode = FALSE
	EndGlobalSection
	GlobalSection(ExtensibilityGlobals) = postSolution
		SolutionGuid = {061C341B-73F1-46B5-95D3-08C9A7B6D6C5}
	EndGlobalSection
EndGlobal
